<?xml version="1.0" encoding="UTF-8" standalone="yes" ?>
<CodeBlocks_project_file>
	<FileVersion major="1" minor="6" />
	<Project>
		<Option title="tibia-proxy-dll" />
		<Option pch_mode="2" />
		<Option compiler="gcc" />
		<Build>
			<Target title="debug">
				<Option output="../tibia-proxy-dll/bin/debug/tibia-proxy-dll" prefix_auto="1" extension_auto="1" />
				<Option object_output="../tibia-proxy-dll/obj/debug/" />
				<Option type="3" />
				<Option compiler="gcc" />
				<Option createDefFile="1" />
				<Option createStaticLib="1" />
				<Compiler>
					<Add option="-Wall" />
					<Add option="-DBUILD_DLL" />
					<Add option="-g" />
				</Compiler>
				<Linker>
					<Add library="user32" />
				</Linker>
			</Target>
			<Target title="release">
				<Option output="../tibia-proxy-dll/bin/release/tibia-proxy-dll" prefix_auto="1" extension_auto="1" />
				<Option object_output="../tibia-proxy-dll/obj/release/" />
				<Option type="3" />
				<Option compiler="gcc" />
				<Option createDefFile="1" />
				<Option createStaticLib="1" />
				<Compiler>
					<Add option="-Wall" />
					<Add option="-DBUILD_DLL" />
					<Add option="-O2" />
				</Compiler>
				<Linker>
					<Add option="-s" />
					<Add library="user32" />
				</Linker>
			</Target>
		</Build>
		<Compiler>
			<Add option="-std=c++11" />
			<Add directory="../common/src" />
		</Compiler>
		<Unit filename="../common/src/bits.h" />
		<Unit filename="../common/src/dll_protocol.h" />
		<Unit filename="../common/src/packet.cc" />
		<Unit filename="../common/src/packet.h" />
		<Unit filename="../common/src/trace.h" />
		<Unit filename="../tibia-proxy-dll/src/tibia_proxy_dll.cc" />
		<Unit filename="../tibia-proxy-dll/src/tibia_proxy_dll.h" />
		<Extensions>
			<code_completion />
			<envvars />
			<debugger />
			<lib_finder disable_auto="1" />
		</Extensions>
	</Project>
</CodeBlocks_project_file>
